
Microsoft Visual Studio Solution File, Format Version 12.00
# Visual Studio Version 17
VisualStudioVersion = 17.1.32319.34
MinimumVisualStudioVersion = 10.0.40219.1
Project("{9A19103F-16F7-4668-BE54-9A1E7A4F7556}") = "ApiControllers", "ApiControllers\ApiControllers.csproj", "{7C65F28B-1797-4916-81AC-F60ECCCFB5BF}"
EndProject
Project("{9A19103F-16F7-4668-BE54-9A1E7A4F7556}") = "DataAccess", "DataAccess\DataAccess.csproj", "{364AD6C5-4858-493C-B7C0-796BD98D2476}"
EndProject
Global
	GlobalSection(SolutionConfigurationPlatforms) = preSolution
		Debug|Any CPU = Debug|Any CPU
		Release|Any CPU = Release|Any CPU
	EndGlobalSection
	GlobalSection(ProjectConfigurationPlatforms) = postSolution
		{7C65F28B-1797-4916-81AC-F60ECCCFB5BF}.Debug|Any CPU.ActiveCfg = Debug|Any CPU
		{7C65F28B-1797-4916-81AC-F60ECCCFB5BF}.Debug|Any CPU.Build.0 = Debug|Any CPU
		{7C65F28B-1797-4916-81AC-F60ECCCFB5BF}.Release|Any CPU.ActiveCfg = Release|Any CPU
		{7C65F28B-1797-4916-81AC-F60ECCCFB5BF}.Release|Any CPU.Build.0 = Release|Any CPU
		{364AD6C5-4858-493C-B7C0-796BD98D2476}.Debug|Any CPU.ActiveCfg = Debug|Any CPU
		{364AD6C5-4858-493C-B7C0-796BD98D2476}.Debug|Any CPU.Build.0 = Debug|Any CPU
		{364AD6C5-4858-493C-B7C0-796BD98D2476}.Release|Any CPU.ActiveCfg = Release|Any CPU
		{364AD6C5-4858-493C-B7C0-796BD98D2476}.Release|Any CPU.Build.0 = Release|Any CPU
	EndGlobalSection
	GlobalSection(SolutionProperties) = preSolution
		HideSolutionNode = FALSE
	EndGlobalSection
	GlobalSection(ExtensibilityGlobals) = postSolution
		SolutionGuid = {75D6D1B7-BA07-4AF1-A5BC-15D253D53964}
	EndGlobalSection
EndGlobal
