
Microsoft Visual Studio Solution File, Format Version 12.00
# Visual Studio Version 16
VisualStudioVersion = 16.0.32106.194
MinimumVisualStudioVersion = 10.0.40219.1
Project("{9A19103F-16F7-4668-BE54-9A1E7A4F7556}") = "GestionStockCDN", "GestionStockCDN\GestionStockCDN.csproj", "{2FCB4FBD-61D7-4BA3-9E82-3BCAB1D781E1}"
EndProject
Project("{9A19103F-16F7-4668-BE54-9A1E7A4F7556}") = "GestionStockCDN.Tests", "GestionStockCDN.Tests\GestionStockCDN.Tests.csproj", "{EB61A83F-1EDF-4205-BBE1-95BC88CDD9C3}"
EndProject
Global
	GlobalSection(SolutionConfigurationPlatforms) = preSolution
		Debug|Any CPU = Debug|Any CPU
		Release|Any CPU = Release|Any CPU
	EndGlobalSection
	GlobalSection(ProjectConfigurationPlatforms) = postSolution
		{2FCB4FBD-61D7-4BA3-9E82-3BCAB1D781E1}.Debug|Any CPU.ActiveCfg = Debug|Any CPU
		{2FCB4FBD-61D7-4BA3-9E82-3BCAB1D781E1}.Debug|Any CPU.Build.0 = Debug|Any CPU
		{2FCB4FBD-61D7-4BA3-9E82-3BCAB1D781E1}.Release|Any CPU.ActiveCfg = Release|Any CPU
		{2FCB4FBD-61D7-4BA3-9E82-3BCAB1D781E1}.Release|Any CPU.Build.0 = Release|Any CPU
		{EB61A83F-1EDF-4205-BBE1-95BC88CDD9C3}.Debug|Any CPU.ActiveCfg = Debug|Any CPU
		{EB61A83F-1EDF-4205-BBE1-95BC88CDD9C3}.Debug|Any CPU.Build.0 = Debug|Any CPU
		{EB61A83F-1EDF-4205-BBE1-95BC88CDD9C3}.Release|Any CPU.ActiveCfg = Release|Any CPU
		{EB61A83F-1EDF-4205-BBE1-95BC88CDD9C3}.Release|Any CPU.Build.0 = Release|Any CPU
	EndGlobalSection
	GlobalSection(SolutionProperties) = preSolution
		HideSolutionNode = FALSE
	EndGlobalSection
	GlobalSection(ExtensibilityGlobals) = postSolution
		SolutionGuid = {75D6D1B7-BA07-4AF1-A5BC-15D253D53964}
	EndGlobalSection
EndGlobal
